// !$*UTF8*$!
{
	archiveVersion = 1;
	classes = {
	};
	objectVersion = 46;
	objects = {

/* Begin PBXBuildFile section */
		251966BC1838AC7900DC4683 /* LoginViewController.m in Sources */ = {isa = PBXBuildFile; fileRef = 251966BA1838AC7900DC4683 /* LoginViewController.m */; };
		251966BD1838AC7900DC4683 /* LoginViewController.xib in Resources */ = {isa = PBXBuildFile; fileRef = 251966BB1838AC7900DC4683 /* LoginViewController.xib */; };
		2538814E1830630D003883D7 /* Foundation.framework in Frameworks */ = {isa = PBXBuildFile; fileRef = 2538814D1830630D003883D7 /* Foundation.framework */; };
		253881501830630D003883D7 /* CoreGraphics.framework in Frameworks */ = {isa = PBXBuildFile; fileRef = 2538814F1830630D003883D7 /* CoreGraphics.framework */; };
		253881521830630D003883D7 /* UIKit.framework in Frameworks */ = {isa = PBXBuildFile; fileRef = 253881511830630D003883D7 /* UIKit.framework */; };
		253881581830630D003883D7 /* InfoPlist.strings in Resources */ = {isa = PBXBuildFile; fileRef = 253881561830630D003883D7 /* InfoPlist.strings */; };
		2538815A1830630D003883D7 /* main.m in Sources */ = {isa = PBXBuildFile; fileRef = 253881591830630D003883D7 /* main.m */; };
		2538815E1830630D003883D7 /* AppDelegate.m in Sources */ = {isa = PBXBuildFile; fileRef = 2538815D1830630D003883D7 /* AppDelegate.m */; };
		253881611830630D003883D7 /* Main_iPhone.storyboard in Resources */ = {isa = PBXBuildFile; fileRef = 2538815F1830630D003883D7 /* Main_iPhone.storyboard */; };
		253881641830630D003883D7 /* Main_iPad.storyboard in Resources */ = {isa = PBXBuildFile; fileRef = 253881621830630D003883D7 /* Main_iPad.storyboard */; };
		253881671830630D003883D7 /* ViewController.m in Sources */ = {isa = PBXBuildFile; fileRef = 253881661830630D003883D7 /* ViewController.m */; };
		253881691830630D003883D7 /* Images.xcassets in Resources */ = {isa = PBXBuildFile; fileRef = 253881681830630D003883D7 /* Images.xcassets */; };
		253881701830630D003883D7 /* XCTest.framework in Frameworks */ = {isa = PBXBuildFile; fileRef = 2538816F1830630D003883D7 /* XCTest.framework */; };
		253881711830630D003883D7 /* Foundation.framework in Frameworks */ = {isa = PBXBuildFile; fileRef = 2538814D1830630D003883D7 /* Foundation.framework */; };
		253881721830630D003883D7 /* UIKit.framework in Frameworks */ = {isa = PBXBuildFile; fileRef = 253881511830630D003883D7 /* UIKit.framework */; };
		2538817A1830630D003883D7 /* InfoPlist.strings in Resources */ = {isa = PBXBuildFile; fileRef = 253881781830630D003883D7 /* InfoPlist.strings */; };
		2538817C1830630D003883D7 /* vgcTests.m in Sources */ = {isa = PBXBuildFile; fileRef = 2538817B1830630D003883D7 /* vgcTests.m */; };
		253881881830664B003883D7 /* TableViewController.m in Sources */ = {isa = PBXBuildFile; fileRef = 253881861830664B003883D7 /* TableViewController.m */; };
		253881891830664B003883D7 /* TableViewController.xib in Resources */ = {isa = PBXBuildFile; fileRef = 253881871830664B003883D7 /* TableViewController.xib */; };
		253881BB18306D74003883D7 /* AFHTTPClient.m in Sources */ = {isa = PBXBuildFile; fileRef = 253881A918306D74003883D7 /* AFHTTPClient.m */; };
		253881BC18306D74003883D7 /* AFHTTPRequestOperation.m in Sources */ = {isa = PBXBuildFile; fileRef = 253881AB18306D74003883D7 /* AFHTTPRequestOperation.m */; };
		253881BD18306D74003883D7 /* AFImageRequestOperation.m in Sources */ = {isa = PBXBuildFile; fileRef = 253881AD18306D74003883D7 /* AFImageRequestOperation.m */; };
		253881BE18306D74003883D7 /* AFJSONRequestOperation.m in Sources */ = {isa = PBXBuildFile; fileRef = 253881AF18306D74003883D7 /* AFJSONRequestOperation.m */; };
		253881BF18306D74003883D7 /* AFNetworkActivityIndicatorManager.m in Sources */ = {isa = PBXBuildFile; fileRef = 253881B118306D74003883D7 /* AFNetworkActivityIndicatorManager.m */; };
		253881C018306D74003883D7 /* AFPropertyListRequestOperation.m in Sources */ = {isa = PBXBuildFile; fileRef = 253881B418306D74003883D7 /* AFPropertyListRequestOperation.m */; };
		253881C118306D74003883D7 /* AFURLConnectionOperation.m in Sources */ = {isa = PBXBuildFile; fileRef = 253881B618306D74003883D7 /* AFURLConnectionOperation.m */; };
		253881C218306D74003883D7 /* AFXMLRequestOperation.m in Sources */ = {isa = PBXBuildFile; fileRef = 253881B818306D74003883D7 /* AFXMLRequestOperation.m */; };
		253881C318306D74003883D7 /* UIImageView+AFNetworking.m in Sources */ = {isa = PBXBuildFile; fileRef = 253881BA18306D74003883D7 /* UIImageView+AFNetworking.m */; };
		25C1A1001842F1BA0037E130 /* DetailViewController.m in Sources */ = {isa = PBXBuildFile; fileRef = 25C1A0FE1842F1BA0037E130 /* DetailViewController.m */; };
		25C1A1011842F1BA0037E130 /* DetailViewController.xib in Resources */ = {isa = PBXBuildFile; fileRef = 25C1A0FF1842F1BA0037E130 /* DetailViewController.xib */; };
		25C1A1051842FDCE0037E130 /* MainViewController.m in Sources */ = {isa = PBXBuildFile; fileRef = 25C1A1031842FDCE0037E130 /* MainViewController.m */; };
		25C1A1061842FDCE0037E130 /* MainViewController.xib in Resources */ = {isa = PBXBuildFile; fileRef = 25C1A1041842FDCE0037E130 /* MainViewController.xib */; };
		25C1A10A184477710037E130 /* AddViewController.m in Sources */ = {isa = PBXBuildFile; fileRef = 25C1A108184477710037E130 /* AddViewController.m */; };
		25C1A10B184477710037E130 /* AddViewController.xib in Resources */ = {isa = PBXBuildFile; fileRef = 25C1A109184477710037E130 /* AddViewController.xib */; };
/* End PBXBuildFile section */

/* Begin PBXContainerItemProxy section */
		253881731830630D003883D7 /* PBXContainerItemProxy */ = {
			isa = PBXContainerItemProxy;
			containerPortal = 253881421830630D003883D7 /* Project object */;
			proxyType = 1;
			remoteGlobalIDString = 253881491830630D003883D7;
			remoteInfo = vgc;
		};
/* End PBXContainerItemProxy section */

/* Begin PBXFileReference section */
		251966B91838AC7900DC4683 /* LoginViewController.h */ = {isa = PBXFileReference; fileEncoding = 4; lastKnownFileType = sourcecode.c.h; path = LoginViewController.h; sourceTree = "<group>"; };
		251966BA1838AC7900DC4683 /* LoginViewController.m */ = {isa = PBXFileReference; fileEncoding = 4; lastKnownFileType = sourcecode.c.objc; path = LoginViewController.m; sourceTree = "<group>"; };
		251966BB1838AC7900DC4683 /* LoginViewController.xib */ = {isa = PBXFileReference; fileEncoding = 4; lastKnownFileType = file.xib; path = LoginViewController.xib; sourceTree = "<group>"; };
		2538814A1830630D003883D7 /* vgc.app */ = {isa = PBXFileReference; explicitFileType = wrapper.application; includeInIndex = 0; path = vgc.app; sourceTree = BUILT_PRODUCTS_DIR; };
		2538814D1830630D003883D7 /* Foundation.framework */ = {isa = PBXFileReference; lastKnownFileType = wrapper.framework; name = Foundation.framework; path = System/Library/Frameworks/Foundation.framework; sourceTree = SDKROOT; };
		2538814F1830630D003883D7 /* CoreGraphics.framework */ = {isa = PBXFileReference; lastKnownFileType = wrapper.framework; name = CoreGraphics.framework; path = System/Library/Frameworks/CoreGraphics.framework; sourceTree = SDKROOT; };
		253881511830630D003883D7 /* UIKit.framework */ = {isa = PBXFileReference; lastKnownFileType = wrapper.framework; name = UIKit.framework; path = System/Library/Frameworks/UIKit.framework; sourceTree = SDKROOT; };
		253881551830630D003883D7 /* vgc-Info.plist */ = {isa = PBXFileReference; lastKnownFileType = text.plist.xml; path = "vgc-Info.plist"; sourceTree = "<group>"; };
		253881571830630D003883D7 /* en */ = {isa = PBXFileReference; lastKnownFileType = text.plist.strings; name = en; path = en.lproj/InfoPlist.strings; sourceTree = "<group>"; };
		253881591830630D003883D7 /* main.m */ = {isa = PBXFileReference; lastKnownFileType = sourcecode.c.objc; path = main.m; sourceTree = "<group>"; };
		2538815B1830630D003883D7 /* vgc-Prefix.pch */ = {isa = PBXFileReference; lastKnownFileType = sourcecode.c.h; path = "vgc-Prefix.pch"; sourceTree = "<group>"; };
		2538815C1830630D003883D7 /* AppDelegate.h */ = {isa = PBXFileReference; lastKnownFileType = sourcecode.c.h; path = AppDelegate.h; sourceTree = "<group>"; };
		2538815D1830630D003883D7 /* AppDelegate.m */ = {isa = PBXFileReference; lastKnownFileType = sourcecode.c.objc; path = AppDelegate.m; sourceTree = "<group>"; };
		253881601830630D003883D7 /* Base */ = {isa = PBXFileReference; lastKnownFileType = file.storyboard; name = Base; path = Base.lproj/Main_iPhone.storyboard; sourceTree = "<group>"; };
		253881631830630D003883D7 /* Base */ = {isa = PBXFileReference; lastKnownFileType = file.storyboard; name = Base; path = Base.lproj/Main_iPad.storyboard; sourceTree = "<group>"; };
		253881651830630D003883D7 /* ViewController.h */ = {isa = PBXFileReference; lastKnownFileType = sourcecode.c.h; path = ViewController.h; sourceTree = "<group>"; };
		253881661830630D003883D7 /* ViewController.m */ = {isa = PBXFileReference; lastKnownFileType = sourcecode.c.objc; path = ViewController.m; sourceTree = "<group>"; };
		253881681830630D003883D7 /* Images.xcassets */ = {isa = PBXFileReference; lastKnownFileType = folder.assetcatalog; path = Images.xcassets; sourceTree = "<group>"; };
		2538816E1830630D003883D7 /* vgcTests.xctest */ = {isa = PBXFileReference; explicitFileType = wrapper.cfbundle; includeInIndex = 0; path = vgcTests.xctest; sourceTree = BUILT_PRODUCTS_DIR; };
		2538816F1830630D003883D7 /* XCTest.framework */ = {isa = PBXFileReference; lastKnownFileType = wrapper.framework; name = XCTest.framework; path = Library/Frameworks/XCTest.framework; sourceTree = DEVELOPER_DIR; };
		253881771830630D003883D7 /* vgcTests-Info.plist */ = {isa = PBXFileReference; lastKnownFileType = text.plist.xml; path = "vgcTests-Info.plist"; sourceTree = "<group>"; };
		253881791830630D003883D7 /* en */ = {isa = PBXFileReference; lastKnownFileType = text.plist.strings; name = en; path = en.lproj/InfoPlist.strings; sourceTree = "<group>"; };
		2538817B1830630D003883D7 /* vgcTests.m */ = {isa = PBXFileReference; lastKnownFileType = sourcecode.c.objc; path = vgcTests.m; sourceTree = "<group>"; };
		253881851830664B003883D7 /* TableViewController.h */ = {isa = PBXFileReference; fileEncoding = 4; lastKnownFileType = sourcecode.c.h; path = TableViewController.h; sourceTree = "<group>"; };
		253881861830664B003883D7 /* TableViewController.m */ = {isa = PBXFileReference; fileEncoding = 4; lastKnownFileType = sourcecode.c.objc; path = TableViewController.m; sourceTree = "<group>"; };
		253881871830664B003883D7 /* TableViewController.xib */ = {isa = PBXFileReference; fileEncoding = 4; lastKnownFileType = file.xib; path = TableViewController.xib; sourceTree = "<group>"; };
		253881A818306D74003883D7 /* AFHTTPClient.h */ = {isa = PBXFileReference; fileEncoding = 4; lastKnownFileType = sourcecode.c.h; path = AFHTTPClient.h; sourceTree = "<group>"; };
		253881A918306D74003883D7 /* AFHTTPClient.m */ = {isa = PBXFileReference; fileEncoding = 4; lastKnownFileType = sourcecode.c.objc; path = AFHTTPClient.m; sourceTree = "<group>"; };
		253881AA18306D74003883D7 /* AFHTTPRequestOperation.h */ = {isa = PBXFileReference; fileEncoding = 4; lastKnownFileType = sourcecode.c.h; path = AFHTTPRequestOperation.h; sourceTree = "<group>"; };
		253881AB18306D74003883D7 /* AFHTTPRequestOperation.m */ = {isa = PBXFileReference; fileEncoding = 4; lastKnownFileType = sourcecode.c.objc; path = AFHTTPRequestOperation.m; sourceTree = "<group>"; };
		253881AC18306D74003883D7 /* AFImageRequestOperation.h */ = {isa = PBXFileReference; fileEncoding = 4; lastKnownFileType = sourcecode.c.h; path = AFImageRequestOperation.h; sourceTree = "<group>"; };
		253881AD18306D74003883D7 /* AFImageRequestOperation.m */ = {isa = PBXFileReference; fileEncoding = 4; lastKnownFileType = sourcecode.c.objc; path = AFImageRequestOperation.m; sourceTree = "<group>"; };
		253881AE18306D74003883D7 /* AFJSONRequestOperation.h */ = {isa = PBXFileReference; fileEncoding = 4; lastKnownFileType = sourcecode.c.h; path = AFJSONRequestOperation.h; sourceTree = "<group>"; };
		253881AF18306D74003883D7 /* AFJSONRequestOperation.m */ = {isa = PBXFileReference; fileEncoding = 4; lastKnownFileType = sourcecode.c.objc; path = AFJSONRequestOperation.m; sourceTree = "<group>"; };
		253881B018306D74003883D7 /* AFNetworkActivityIndicatorManager.h */ = {isa = PBXFileReference; fileEncoding = 4; lastKnownFileType = sourcecode.c.h; path = AFNetworkActivityIndicatorManager.h; sourceTree = "<group>"; };
		253881B118306D74003883D7 /* AFNetworkActivityIndicatorManager.m */ = {isa = PBXFileReference; fileEncoding = 4; lastKnownFileType = sourcecode.c.objc; path = AFNetworkActivityIndicatorManager.m; sourceTree = "<group>"; };
		253881B218306D74003883D7 /* AFNetworking.h */ = {isa = PBXFileReference; fileEncoding = 4; lastKnownFileType = sourcecode.c.h; path = AFNetworking.h; sourceTree = "<group>"; };
		253881B318306D74003883D7 /* AFPropertyListRequestOperation.h */ = {isa = PBXFileReference; fileEncoding = 4; lastKnownFileType = sourcecode.c.h; path = AFPropertyListRequestOperation.h; sourceTree = "<group>"; };
		253881B418306D74003883D7 /* AFPropertyListRequestOperation.m */ = {isa = PBXFileReference; fileEncoding = 4; lastKnownFileType = sourcecode.c.objc; path = AFPropertyListRequestOperation.m; sourceTree = "<group>"; };
		253881B518306D74003883D7 /* AFURLConnectionOperation.h */ = {isa = PBXFileReference; fileEncoding = 4; lastKnownFileType = sourcecode.c.h; path = AFURLConnectionOperation.h; sourceTree = "<group>"; };
		253881B618306D74003883D7 /* AFURLConnectionOperation.m */ = {isa = PBXFileReference; fileEncoding = 4; lastKnownFileType = sourcecode.c.objc; path = AFURLConnectionOperation.m; sourceTree = "<group>"; };
		253881B718306D74003883D7 /* AFXMLRequestOperation.h */ = {isa = PBXFileReference; fileEncoding = 4; lastKnownFileType = sourcecode.c.h; path = AFXMLRequestOperation.h; sourceTree = "<group>"; };
		253881B818306D74003883D7 /* AFXMLRequestOperation.m */ = {isa = PBXFileReference; fileEncoding = 4; lastKnownFileType = sourcecode.c.objc; path = AFXMLRequestOperation.m; sourceTree = "<group>"; };
		253881B918306D74003883D7 /* UIImageView+AFNetworking.h */ = {isa = PBXFileReference; fileEncoding = 4; lastKnownFileType = sourcecode.c.h; path = "UIImageView+AFNetworking.h"; sourceTree = "<group>"; };
		253881BA18306D74003883D7 /* UIImageView+AFNetworking.m */ = {isa = PBXFileReference; fileEncoding = 4; lastKnownFileType = sourcecode.c.objc; path = "UIImageView+AFNetworking.m"; sourceTree = "<group>"; };
		25C1A0FD1842F1BA0037E130 /* DetailViewController.h */ = {isa = PBXFileReference; fileEncoding = 4; lastKnownFileType = sourcecode.c.h; path = DetailViewController.h; sourceTree = "<group>"; };
		25C1A0FE1842F1BA0037E130 /* DetailViewController.m */ = {isa = PBXFileReference; fileEncoding = 4; lastKnownFileType = sourcecode.c.objc; path = DetailViewController.m; sourceTree = "<group>"; };
		25C1A0FF1842F1BA0037E130 /* DetailViewController.xib */ = {isa = PBXFileReference; fileEncoding = 4; lastKnownFileType = file.xib; path = DetailViewController.xib; sourceTree = "<group>"; };
		25C1A1021842FDCE0037E130 /* MainViewController.h */ = {isa = PBXFileReference; fileEncoding = 4; lastKnownFileType = sourcecode.c.h; path = MainViewController.h; sourceTree = "<group>"; };
		25C1A1031842FDCE0037E130 /* MainViewController.m */ = {isa = PBXFileReference; fileEncoding = 4; lastKnownFileType = sourcecode.c.objc; path = MainViewController.m; sourceTree = "<group>"; };
		25C1A1041842FDCE0037E130 /* MainViewController.xib */ = {isa = PBXFileReference; fileEncoding = 4; lastKnownFileType = file.xib; path = MainViewController.xib; sourceTree = "<group>"; };
		25C1A107184477710037E130 /* AddViewController.h */ = {isa = PBXFileReference; fileEncoding = 4; lastKnownFileType = sourcecode.c.h; path = AddViewController.h; sourceTree = "<group>"; };
		25C1A108184477710037E130 /* AddViewController.m */ = {isa = PBXFileReference; fileEncoding = 4; lastKnownFileType = sourcecode.c.objc; path = AddViewController.m; sourceTree = "<group>"; };
		25C1A109184477710037E130 /* AddViewController.xib */ = {isa = PBXFileReference; fileEncoding = 4; lastKnownFileType = file.xib; path = AddViewController.xib; sourceTree = "<group>"; };
/* End PBXFileReference section */

/* Begin PBXFrameworksBuildPhase section */
		253881471830630D003883D7 /* Frameworks */ = {
			isa = PBXFrameworksBuildPhase;
			buildActionMask = 2147483647;
			files = (
				253881501830630D003883D7 /* CoreGraphics.framework in Frameworks */,
				253881521830630D003883D7 /* UIKit.framework in Frameworks */,
				2538814E1830630D003883D7 /* Foundation.framework in Frameworks */,
			);
			runOnlyForDeploymentPostprocessing = 0;
		};
		2538816B1830630D003883D7 /* Frameworks */ = {
			isa = PBXFrameworksBuildPhase;
			buildActionMask = 2147483647;
			files = (
				253881701830630D003883D7 /* XCTest.framework in Frameworks */,
				253881721830630D003883D7 /* UIKit.framework in Frameworks */,
				253881711830630D003883D7 /* Foundation.framework in Frameworks */,
			);
			runOnlyForDeploymentPostprocessing = 0;
		};
/* End PBXFrameworksBuildPhase section */

/* Begin PBXGroup section */
		253881411830630D003883D7 = {
			isa = PBXGroup;
			children = (
				253881531830630D003883D7 /* vgc */,
				253881751830630D003883D7 /* vgcTests */,
				2538814C1830630D003883D7 /* Frameworks */,
				2538814B1830630D003883D7 /* Products */,
			);
			sourceTree = "<group>";
		};
		2538814B1830630D003883D7 /* Products */ = {
			isa = PBXGroup;
			children = (
				2538814A1830630D003883D7 /* vgc.app */,
				2538816E1830630D003883D7 /* vgcTests.xctest */,
			);
			name = Products;
			sourceTree = "<group>";
		};
		2538814C1830630D003883D7 /* Frameworks */ = {
			isa = PBXGroup;
			children = (
				2538814D1830630D003883D7 /* Foundation.framework */,
				2538814F1830630D003883D7 /* CoreGraphics.framework */,
				253881511830630D003883D7 /* UIKit.framework */,
				2538816F1830630D003883D7 /* XCTest.framework */,
			);
			name = Frameworks;
			sourceTree = "<group>";
		};
		253881531830630D003883D7 /* vgc */ = {
			isa = PBXGroup;
			children = (
				253881A718306D74003883D7 /* AFNetworking */,
				2538815C1830630D003883D7 /* AppDelegate.h */,
				2538815D1830630D003883D7 /* AppDelegate.m */,
				2538815F1830630D003883D7 /* Main_iPhone.storyboard */,
				253881621830630D003883D7 /* Main_iPad.storyboard */,
				25C1A107184477710037E130 /* AddViewController.h */,
				25C1A108184477710037E130 /* AddViewController.m */,
				25C1A109184477710037E130 /* AddViewController.xib */,
				25C1A1021842FDCE0037E130 /* MainViewController.h */,
				25C1A1031842FDCE0037E130 /* MainViewController.m */,
				25C1A1041842FDCE0037E130 /* MainViewController.xib */,
				25C1A0FD1842F1BA0037E130 /* DetailViewController.h */,
				25C1A0FE1842F1BA0037E130 /* DetailViewController.m */,
				25C1A0FF1842F1BA0037E130 /* DetailViewController.xib */,
				251966B91838AC7900DC4683 /* LoginViewController.h */,
				251966BA1838AC7900DC4683 /* LoginViewController.m */,
				251966BB1838AC7900DC4683 /* LoginViewController.xib */,
				253881851830664B003883D7 /* TableViewController.h */,
				253881861830664B003883D7 /* TableViewController.m */,
				253881871830664B003883D7 /* TableViewController.xib */,
				253881651830630D003883D7 /* ViewController.h */,
				253881661830630D003883D7 /* ViewController.m */,
				253881681830630D003883D7 /* Images.xcassets */,
				253881541830630D003883D7 /* Supporting Files */,
			);
			path = vgc;
			sourceTree = "<group>";
		};
		253881541830630D003883D7 /* Supporting Files */ = {
			isa = PBXGroup;
			children = (
				253881551830630D003883D7 /* vgc-Info.plist */,
				253881561830630D003883D7 /* InfoPlist.strings */,
				253881591830630D003883D7 /* main.m */,
				2538815B1830630D003883D7 /* vgc-Prefix.pch */,
			);
			name = "Supporting Files";
			sourceTree = "<group>";
		};
		253881751830630D003883D7 /* vgcTests */ = {
			isa = PBXGroup;
			children = (
				2538817B1830630D003883D7 /* vgcTests.m */,
				253881761830630D003883D7 /* Supporting Files */,
			);
			path = vgcTests;
			sourceTree = "<group>";
		};
		253881761830630D003883D7 /* Supporting Files */ = {
			isa = PBXGroup;
			children = (
				253881771830630D003883D7 /* vgcTests-Info.plist */,
				253881781830630D003883D7 /* InfoPlist.strings */,
			);
			name = "Supporting Files";
			sourceTree = "<group>";
		};
		253881A718306D74003883D7 /* AFNetworking */ = {
			isa = PBXGroup;
			children = (
				253881A818306D74003883D7 /* AFHTTPClient.h */,
				253881A918306D74003883D7 /* AFHTTPClient.m */,
				253881AA18306D74003883D7 /* AFHTTPRequestOperation.h */,
				253881AB18306D74003883D7 /* AFHTTPRequestOperation.m */,
				253881AC18306D74003883D7 /* AFImageRequestOperation.h */,
				253881AD18306D74003883D7 /* AFImageRequestOperation.m */,
				253881AE18306D74003883D7 /* AFJSONRequestOperation.h */,
				253881AF18306D74003883D7 /* AFJSONRequestOperation.m */,
				253881B018306D74003883D7 /* AFNetworkActivityIndicatorManager.h */,
				253881B118306D74003883D7 /* AFNetworkActivityIndicatorManager.m */,
				253881B218306D74003883D7 /* AFNetworking.h */,
				253881B318306D74003883D7 /* AFPropertyListRequestOperation.h */,
				253881B418306D74003883D7 /* AFPropertyListRequestOperation.m */,
				253881B518306D74003883D7 /* AFURLConnectionOperation.h */,
				253881B618306D74003883D7 /* AFURLConnectionOperation.m */,
				253881B718306D74003883D7 /* AFXMLRequestOperation.h */,
				253881B818306D74003883D7 /* AFXMLRequestOperation.m */,
				253881B918306D74003883D7 /* UIImageView+AFNetworking.h */,
				253881BA18306D74003883D7 /* UIImageView+AFNetworking.m */,
			);
			path = AFNetworking;
			sourceTree = "<group>";
		};
/* End PBXGroup section */

/* Begin PBXNativeTarget section */
		253881491830630D003883D7 /* vgc */ = {
			isa = PBXNativeTarget;
			buildConfigurationList = 2538817F1830630D003883D7 /* Build configuration list for PBXNativeTarget "vgc" */;
			buildPhases = (
				253881461830630D003883D7 /* Sources */,
				253881471830630D003883D7 /* Frameworks */,
				253881481830630D003883D7 /* Resources */,
			);
			buildRules = (
			);
			dependencies = (
			);
			name = vgc;
			productName = vgc;
			productReference = 2538814A1830630D003883D7 /* vgc.app */;
			productType = "com.apple.product-type.application";
		};
		2538816D1830630D003883D7 /* vgcTests */ = {
			isa = PBXNativeTarget;
			buildConfigurationList = 253881821830630D003883D7 /* Build configuration list for PBXNativeTarget "vgcTests" */;
			buildPhases = (
				2538816A1830630D003883D7 /* Sources */,
				2538816B1830630D003883D7 /* Frameworks */,
				2538816C1830630D003883D7 /* Resources */,
			);
			buildRules = (
			);
			dependencies = (
				253881741830630D003883D7 /* PBXTargetDependency */,
			);
			name = vgcTests;
			productName = vgcTests;
			productReference = 2538816E1830630D003883D7 /* vgcTests.xctest */;
			productType = "com.apple.product-type.bundle.unit-test";
		};
/* End PBXNativeTarget section */

/* Begin PBXProject section */
		253881421830630D003883D7 /* Project object */ = {
			isa = PBXProject;
			attributes = {
				LastUpgradeCheck = 0500;
				ORGANIZATIONNAME = "Simply Hired";
				TargetAttributes = {
					2538816D1830630D003883D7 = {
						TestTargetID = 253881491830630D003883D7;
					};
				};
			};
			buildConfigurationList = 253881451830630D003883D7 /* Build configuration list for PBXProject "vgc" */;
			compatibilityVersion = "Xcode 3.2";
			developmentRegion = English;
			hasScannedForEncodings = 0;
			knownRegions = (
				en,
				Base,
			);
			mainGroup = 253881411830630D003883D7;
			productRefGroup = 2538814B1830630D003883D7 /* Products */;
			projectDirPath = "";
			projectRoot = "";
			targets = (
				253881491830630D003883D7 /* vgc */,
				2538816D1830630D003883D7 /* vgcTests */,
			);
		};
/* End PBXProject section */

/* Begin PBXResourcesBuildPhase section */
		253881481830630D003883D7 /* Resources */ = {
			isa = PBXResourcesBuildPhase;
			buildActionMask = 2147483647;
			files = (
				25C1A10B184477710037E130 /* AddViewController.xib in Resources */,
				253881641830630D003883D7 /* Main_iPad.storyboard in Resources */,
				253881691830630D003883D7 /* Images.xcassets in Resources */,
				25C1A1011842F1BA0037E130 /* DetailViewController.xib in Resources */,
				25C1A1061842FDCE0037E130 /* MainViewController.xib in Resources */,
				251966BD1838AC7900DC4683 /* LoginViewController.xib in Resources */,
				253881611830630D003883D7 /* Main_iPhone.storyboard in Resources */,
				253881891830664B003883D7 /* TableViewController.xib in Resources */,
				253881581830630D003883D7 /* InfoPlist.strings in Resources */,
			);
			runOnlyForDeploymentPostprocessing = 0;
		};
		2538816C1830630D003883D7 /* Resources */ = {
			isa = PBXResourcesBuildPhase;
			buildActionMask = 2147483647;
			files = (
				2538817A1830630D003883D7 /* InfoPlist.strings in Resources */,
			);
			runOnlyForDeploymentPostprocessing = 0;
		};
/* End PBXResourcesBuildPhase section */

/* Begin PBXSourcesBuildPhase section */
		253881461830630D003883D7 /* Sources */ = {
			isa = PBXSourcesBuildPhase;
			buildActionMask = 2147483647;
			files = (
				253881C118306D74003883D7 /* AFURLConnectionOperation.m in Sources */,
				253881C318306D74003883D7 /* UIImageView+AFNetworking.m in Sources */,
				253881BD18306D74003883D7 /* AFImageRequestOperation.m in Sources */,
				25C1A10A184477710037E130 /* AddViewController.m in Sources */,
				25C1A1051842FDCE0037E130 /* MainViewController.m in Sources */,
				253881BC18306D74003883D7 /* AFHTTPRequestOperation.m in Sources */,
				251966BC1838AC7900DC4683 /* LoginViewController.m in Sources */,
				25C1A1001842F1BA0037E130 /* DetailViewController.m in Sources */,
				253881BB18306D74003883D7 /* AFHTTPClient.m in Sources */,
				253881C218306D74003883D7 /* AFXMLRequestOperation.m in Sources */,
				253881671830630D003883D7 /* ViewController.m in Sources */,
				2538815E1830630D003883D7 /* AppDelegate.m in Sources */,
				2538815A1830630D003883D7 /* main.m in Sources */,
				253881BE18306D74003883D7 /* AFJSONRequestOperation.m in Sources */,
				253881881830664B003883D7 /* TableViewController.m in Sources */,
				253881C018306D74003883D7 /* AFPropertyListRequestOperation.m in Sources */,
				253881BF18306D74003883D7 /* AFNetworkActivityIndicatorManager.m in Sources */,
			);
			runOnlyForDeploymentPostprocessing = 0;
		};
		2538816A1830630D003883D7 /* Sources */ = {
			isa = PBXSourcesBuildPhase;
			buildActionMask = 2147483647;
			files = (
				2538817C1830630D003883D7 /* vgcTests.m in Sources */,
			);
			runOnlyForDeploymentPostprocessing = 0;
		};
/* End PBXSourcesBuildPhase section */

/* Begin PBXTargetDependency section */
		253881741830630D003883D7 /* PBXTargetDependency */ = {
			isa = PBXTargetDependency;
			target = 253881491830630D003883D7 /* vgc */;
			targetProxy = 253881731830630D003883D7 /* PBXContainerItemProxy */;
		};
/* End PBXTargetDependency section */

/* Begin PBXVariantGroup section */
		253881561830630D003883D7 /* InfoPlist.strings */ = {
			isa = PBXVariantGroup;
			children = (
				253881571830630D003883D7 /* en */,
			);
			name = InfoPlist.strings;
			sourceTree = "<group>";
		};
		2538815F1830630D003883D7 /* Main_iPhone.storyboard */ = {
			isa = PBXVariantGroup;
			children = (
				253881601830630D003883D7 /* Base */,
			);
			name = Main_iPhone.storyboard;
			sourceTree = "<group>";
		};
		253881621830630D003883D7 /* Main_iPad.storyboard */ = {
			isa = PBXVariantGroup;
			children = (
				253881631830630D003883D7 /* Base */,
			);
			name = Main_iPad.storyboard;
			sourceTree = "<group>";
		};
		253881781830630D003883D7 /* InfoPlist.strings */ = {
			isa = PBXVariantGroup;
			children = (
				253881791830630D003883D7 /* en */,
			);
			name = InfoPlist.strings;
			sourceTree = "<group>";
		};
/* End PBXVariantGroup section */

/* Begin XCBuildConfiguration section */
		2538817D1830630D003883D7 /* Debug */ = {
			isa = XCBuildConfiguration;
			buildSettings = {
				ALWAYS_SEARCH_USER_PATHS = NO;
				ARCHS = "$(ARCHS_STANDARD_INCLUDING_64_BIT)";
				CLANG_CXX_LANGUAGE_STANDARD = "gnu++0x";
				CLANG_CXX_LIBRARY = "libc++";
				CLANG_ENABLE_MODULES = YES;
				CLANG_ENABLE_OBJC_ARC = YES;
				CLANG_WARN_BOOL_CONVERSION = YES;
				CLANG_WARN_CONSTANT_CONVERSION = YES;
				CLANG_WARN_DIRECT_OBJC_ISA_USAGE = YES_ERROR;
				CLANG_WARN_EMPTY_BODY = YES;
				CLANG_WARN_ENUM_CONVERSION = YES;
				CLANG_WARN_INT_CONVERSION = YES;
				CLANG_WARN_OBJC_ROOT_CLASS = YES_ERROR;
				CLANG_WARN__DUPLICATE_METHOD_MATCH = YES;
				"CODE_SIGN_IDENTITY[sdk=iphoneos*]" = "iPhone Developer";
				COPY_PHASE_STRIP = NO;
				GCC_C_LANGUAGE_STANDARD = gnu99;
				GCC_DYNAMIC_NO_PIC = NO;
				GCC_OPTIMIZATION_LEVEL = 0;
				GCC_PREPROCESSOR_DEFINITIONS = (
					"DEBUG=1",
					"$(inherited)",
				);
				GCC_SYMBOLS_PRIVATE_EXTERN = NO;
				GCC_WARN_64_TO_32_BIT_CONVERSION = YES;
				GCC_WARN_ABOUT_RETURN_TYPE = YES_ERROR;
				GCC_WARN_UNDECLARED_SELECTOR = YES;
				GCC_WARN_UNINITIALIZED_AUTOS = YES;
				GCC_WARN_UNUSED_FUNCTION = YES;
				GCC_WARN_UNUSED_VARIABLE = YES;
				IPHONEOS_DEPLOYMENT_TARGET = 7.0;
				ONLY_ACTIVE_ARCH = YES;
				SDKROOT = iphoneos;
				TARGETED_DEVICE_FAMILY = "1,2";
			};
			name = Debug;
		};
		2538817E1830630D003883D7 /* Release */ = {
			isa = XCBuildConfiguration;
			buildSettings = {
				ALWAYS_SEARCH_USER_PATHS = NO;
				ARCHS = "$(ARCHS_STANDARD_INCLUDING_64_BIT)";
				CLANG_CXX_LANGUAGE_STANDARD = "gnu++0x";
				CLANG_CXX_LIBRARY = "libc++";
				CLANG_ENABLE_MODULES = YES;
				CLANG_ENABLE_OBJC_ARC = YES;
				CLANG_WARN_BOOL_CONVERSION = YES;
				CLANG_WARN_CONSTANT_CONVERSION = YES;
				CLANG_WARN_DIRECT_OBJC_ISA_USAGE = YES_ERROR;
				CLANG_WARN_EMPTY_BODY = YES;
				CLANG_WARN_ENUM_CONVERSION = YES;
				CLANG_WARN_INT_CONVERSION = YES;
				CLANG_WARN_OBJC_ROOT_CLASS = YES_ERROR;
				CLANG_WARN__DUPLICATE_METHOD_MATCH = YES;
				"CODE_SIGN_IDENTITY[sdk=iphoneos*]" = "iPhone Developer";
				COPY_PHASE_STRIP = YES;
				ENABLE_NS_ASSERTIONS = NO;
				GCC_C_LANGUAGE_STANDARD = gnu99;
				GCC_WARN_64_TO_32_BIT_CONVERSION = YES;
				GCC_WARN_ABOUT_RETURN_TYPE = YES_ERROR;
				GCC_WARN_UNDECLARED_SELECTOR = YES;
				GCC_WARN_UNINITIALIZED_AUTOS = YES;
				GCC_WARN_UNUSED_FUNCTION = YES;
				GCC_WARN_UNUSED_VARIABLE = YES;
				IPHONEOS_DEPLOYMENT_TARGET = 7.0;
				SDKROOT = iphoneos;
				TARGETED_DEVICE_FAMILY = "1,2";
				VALIDATE_PRODUCT = YES;
			};
			name = Release;
		};
		253881801830630D003883D7 /* Debug */ = {
			isa = XCBuildConfiguration;
			buildSettings = {
				ASSETCATALOG_COMPILER_APPICON_NAME = AppIcon;
				ASSETCATALOG_COMPILER_LAUNCHIMAGE_NAME = LaunchImage;
				GCC_PRECOMPILE_PREFIX_HEADER = YES;
				GCC_PREFIX_HEADER = "vgc/vgc-Prefix.pch";
				INFOPLIST_FILE = "vgc/vgc-Info.plist";
				IPHONEOS_DEPLOYMENT_TARGET = 6.1;
				PRODUCT_NAME = "$(TARGET_NAME)";
				WRAPPER_EXTENSION = app;
			};
			name = Debug;
		};
		253881811830630D003883D7 /* Release */ = {
			isa = XCBuildConfiguration;
			buildSettings = {
				ASSETCATALOG_COMPILER_APPICON_NAME = AppIcon;
				ASSETCATALOG_COMPILER_LAUNCHIMAGE_NAME = LaunchImage;
				GCC_PRECOMPILE_PREFIX_HEADER = YES;
				GCC_PREFIX_HEADER = "vgc/vgc-Prefix.pch";
				INFOPLIST_FILE = "vgc/vgc-Info.plist";
				IPHONEOS_DEPLOYMENT_TARGET = 6.1;
				PRODUCT_NAME = "$(TARGET_NAME)";
				WRAPPER_EXTENSION = app;
			};
			name = Release;
		};
		253881831830630D003883D7 /* Debug */ = {
			isa = XCBuildConfiguration;
			buildSettings = {
				ARCHS = "$(ARCHS_STANDARD_INCLUDING_64_BIT)";
				BUNDLE_LOADER = "$(BUILT_PRODUCTS_DIR)/vgc.app/vgc";
				FRAMEWORK_SEARCH_PATHS = (
					"$(SDKROOT)/Developer/Library/Frameworks",
					"$(inherited)",
					"$(DEVELOPER_FRAMEWORKS_DIR)",
				);
				GCC_PRECOMPILE_PREFIX_HEADER = YES;
				GCC_PREFIX_HEADER = "vgc/vgc-Prefix.pch";
				GCC_PREPROCESSOR_DEFINITIONS = (
					"DEBUG=1",
					"$(inherited)",
				);
				INFOPLIST_FILE = "vgcTests/vgcTests-Info.plist";
				PRODUCT_NAME = "$(TARGET_NAME)";
				TEST_HOST = "$(BUNDLE_LOADER)";
				WRAPPER_EXTENSION = xctest;
			};
			name = Debug;
		};
		253881841830630D003883D7 /* Release */ = {
			isa = XCBuildConfiguration;
			buildSettings = {
				ARCHS = "$(ARCHS_STANDARD_INCLUDING_64_BIT)";
				BUNDLE_LOADER = "$(BUILT_PRODUCTS_DIR)/vgc.app/vgc";
				FRAMEWORK_SEARCH_PATHS = (
					"$(SDKROOT)/Developer/Library/Frameworks",
					"$(inherited)",
					"$(DEVELOPER_FRAMEWORKS_DIR)",
				);
				GCC_PRECOMPILE_PREFIX_HEADER = YES;
				GCC_PREFIX_HEADER = "vgc/vgc-Prefix.pch";
				INFOPLIST_FILE = "vgcTests/vgcTests-Info.plist";
				PRODUCT_NAME = "$(TARGET_NAME)";
				TEST_HOST = "$(BUNDLE_LOADER)";
				WRAPPER_EXTENSION = xctest;
			};
			name = Release;
		};
/* End XCBuildConfiguration section */

/* Begin XCConfigurationList section */
		253881451830630D003883D7 /* Build configuration list for PBXProject "vgc" */ = {
			isa = XCConfigurationList;
			buildConfigurations = (
				2538817D1830630D003883D7 /* Debug */,
				2538817E1830630D003883D7 /* Release */,
			);
			defaultConfigurationIsVisible = 0;
			defaultConfigurationName = Release;
		};
		2538817F1830630D003883D7 /* Build configuration list for PBXNativeTarget "vgc" */ = {
			isa = XCConfigurationList;
			buildConfigurations = (
				253881801830630D003883D7 /* Debug */,
				253881811830630D003883D7 /* Release */,
			);
			defaultConfigurationIsVisible = 0;
			defaultConfigurationName = Release;
		};
		253881821830630D003883D7 /* Build configuration list for PBXNativeTarget "vgcTests" */ = {
			isa = XCConfigurationList;
			buildConfigurations = (
				253881831830630D003883D7 /* Debug */,
				253881841830630D003883D7 /* Release */,
			);
			defaultConfigurationIsVisible = 0;
			defaultConfigurationName = Release;
		};
/* End XCConfigurationList section */
	};
	rootObject = 253881421830630D003883D7 /* Project object */;
}
